
Microsoft Visual Studio Solution File, Format Version 12.00
# Visual Studio Version 17
VisualStudioVersion = 17.4.33213.308
MinimumVisualStudioVersion = 10.0.40219.1
Project("{FAE04EC0-301F-11D3-BF4B-00C04F79EFBC}") = "Mockbster", "Mockbster\Mockbster.csproj", "{93A7FE28-A14C-4C6D-A83D-B7BCDF01FAE8}"
EndProject
Global
	GlobalSection(SolutionConfigurationPlatforms) = preSolution
		Debug|Any CPU = Debug|Any CPU
		Release|Any CPU = Release|Any CPU
	EndGlobalSection
	GlobalSection(ProjectConfigurationPlatforms) = postSolution
		{93A7FE28-A14C-4C6D-A83D-B7BCDF01FAE8}.Debug|Any CPU.ActiveCfg = Debug|Any CPU
		{93A7FE28-A14C-4C6D-A83D-B7BCDF01FAE8}.Debug|Any CPU.Build.0 = Debug|Any CPU
		{93A7FE28-A14C-4C6D-A83D-B7BCDF01FAE8}.Release|Any CPU.ActiveCfg = Release|Any CPU
		{93A7FE28-A14C-4C6D-A83D-B7BCDF01FAE8}.Release|Any CPU.Build.0 = Release|Any CPU
	EndGlobalSection
	GlobalSection(SolutionProperties) = preSolution
		HideSolutionNode = FALSE
	EndGlobalSection
	GlobalSection(ExtensibilityGlobals) = postSolution
		SolutionGuid = {0801A5C5-49AD-4340-AD7D-4BA3E7D91ED2}
	EndGlobalSection
EndGlobal
